
Microsoft Visual Studio Solution File, Format Version 12.00
# Visual Studio 14
VisualStudioVersion = 14.0.25420.1
MinimumVisualStudioVersion = 10.0.40219.1
Project("{8BC9CEB8-8B4A-11D0-8D11-00A0C91BC942}") = "FavLibrary.Win", "FavLibrary.Win\FavLibrary.Win.vcxproj", "{D55F9C52-8D98-4911-9448-DCCF7563AE4B}"
EndProject
Project("{FAE04EC0-301F-11D3-BF4B-00C04F79EFBC}") = "FavLibrary.App", "FavLibrary.App\FavLibrary.App.csproj", "{B37FF948-3651-419C-ADE5-C15D5B246701}"
EndProject
Project("{8BC9CEB8-8B4A-11D0-8D11-00A0C91BC942}") = "FavLibrary.Net", "FavLibrary.Net\FavLibrary.Net.vcxproj", "{0561B450-DC52-47CF-974D-A7049514471F}"
EndProject
Project("{8BC9CEB8-8B4A-11D0-8D11-00A0C91BC942}") = "FavLibrary.TestApp", "FavLibrary.TestApp\FavLibrary.TestApp.vcxproj", "{AE0E6AFC-141A-4507-AF6C-70200BE7775E}"
EndProject
Global
	GlobalSection(SolutionConfigurationPlatforms) = preSolution
		Debug|Any CPU = Debug|Any CPU
		Debug|ARM = Debug|ARM
		Debug|x64 = Debug|x64
		Debug|x86 = Debug|x86
		Release|Any CPU = Release|Any CPU
		Release|ARM = Release|ARM
		Release|x64 = Release|x64
		Release|x86 = Release|x86
	EndGlobalSection
	GlobalSection(ProjectConfigurationPlatforms) = postSolution
		{D55F9C52-8D98-4911-9448-DCCF7563AE4B}.Debug|Any CPU.ActiveCfg = Debug|Win32
		{D55F9C52-8D98-4911-9448-DCCF7563AE4B}.Debug|Any CPU.Build.0 = Debug|Win32
		{D55F9C52-8D98-4911-9448-DCCF7563AE4B}.Debug|ARM.ActiveCfg = Debug|Win32
		{D55F9C52-8D98-4911-9448-DCCF7563AE4B}.Debug|x64.ActiveCfg = Debug|x64
		{D55F9C52-8D98-4911-9448-DCCF7563AE4B}.Debug|x64.Build.0 = Debug|x64
		{D55F9C52-8D98-4911-9448-DCCF7563AE4B}.Debug|x86.ActiveCfg = Debug|Win32
		{D55F9C52-8D98-4911-9448-DCCF7563AE4B}.Debug|x86.Build.0 = Debug|Win32
		{D55F9C52-8D98-4911-9448-DCCF7563AE4B}.Release|Any CPU.ActiveCfg = Release|Win32
		{D55F9C52-8D98-4911-9448-DCCF7563AE4B}.Release|ARM.ActiveCfg = Release|Win32
		{D55F9C52-8D98-4911-9448-DCCF7563AE4B}.Release|x64.ActiveCfg = Release|x64
		{D55F9C52-8D98-4911-9448-DCCF7563AE4B}.Release|x64.Build.0 = Release|x64
		{D55F9C52-8D98-4911-9448-DCCF7563AE4B}.Release|x86.ActiveCfg = Release|Win32
		{D55F9C52-8D98-4911-9448-DCCF7563AE4B}.Release|x86.Build.0 = Release|Win32
		{B37FF948-3651-419C-ADE5-C15D5B246701}.Debug|Any CPU.ActiveCfg = Debug|Any CPU
		{B37FF948-3651-419C-ADE5-C15D5B246701}.Debug|Any CPU.Build.0 = Debug|Any CPU
		{B37FF948-3651-419C-ADE5-C15D5B246701}.Debug|ARM.ActiveCfg = Debug|Any CPU
		{B37FF948-3651-419C-ADE5-C15D5B246701}.Debug|ARM.Build.0 = Debug|Any CPU
		{B37FF948-3651-419C-ADE5-C15D5B246701}.Debug|x64.ActiveCfg = Debug|Any CPU
		{B37FF948-3651-419C-ADE5-C15D5B246701}.Debug|x86.ActiveCfg = Debug|Any CPU
		{B37FF948-3651-419C-ADE5-C15D5B246701}.Debug|x86.Build.0 = Debug|Any CPU
		{B37FF948-3651-419C-ADE5-C15D5B246701}.Release|Any CPU.ActiveCfg = Release|Any CPU
		{B37FF948-3651-419C-ADE5-C15D5B246701}.Release|Any CPU.Build.0 = Release|Any CPU
		{B37FF948-3651-419C-ADE5-C15D5B246701}.Release|ARM.ActiveCfg = Release|Any CPU
		{B37FF948-3651-419C-ADE5-C15D5B246701}.Release|ARM.Build.0 = Release|Any CPU
		{B37FF948-3651-419C-ADE5-C15D5B246701}.Release|x64.ActiveCfg = Release|Any CPU
		{B37FF948-3651-419C-ADE5-C15D5B246701}.Release|x64.Build.0 = Release|Any CPU
		{B37FF948-3651-419C-ADE5-C15D5B246701}.Release|x86.ActiveCfg = Release|Any CPU
		{B37FF948-3651-419C-ADE5-C15D5B246701}.Release|x86.Build.0 = Release|Any CPU
		{0561B450-DC52-47CF-974D-A7049514471F}.Debug|Any CPU.ActiveCfg = Debug|Win32
		{0561B450-DC52-47CF-974D-A7049514471F}.Debug|ARM.ActiveCfg = Debug|Win32
		{0561B450-DC52-47CF-974D-A7049514471F}.Debug|x64.ActiveCfg = Debug|x64
		{0561B450-DC52-47CF-974D-A7049514471F}.Debug|x64.Build.0 = Debug|x64
		{0561B450-DC52-47CF-974D-A7049514471F}.Debug|x86.ActiveCfg = Debug|Win32
		{0561B450-DC52-47CF-974D-A7049514471F}.Debug|x86.Build.0 = Debug|Win32
		{0561B450-DC52-47CF-974D-A7049514471F}.Release|Any CPU.ActiveCfg = Release|Win32
		{0561B450-DC52-47CF-974D-A7049514471F}.Release|ARM.ActiveCfg = Release|Win32
		{0561B450-DC52-47CF-974D-A7049514471F}.Release|x64.ActiveCfg = Release|x64
		{0561B450-DC52-47CF-974D-A7049514471F}.Release|x64.Build.0 = Release|x64
		{0561B450-DC52-47CF-974D-A7049514471F}.Release|x86.ActiveCfg = Release|Win32
		{0561B450-DC52-47CF-974D-A7049514471F}.Release|x86.Build.0 = Release|Win32
		{AE0E6AFC-141A-4507-AF6C-70200BE7775E}.Debug|Any CPU.ActiveCfg = Debug|Win32
		{AE0E6AFC-141A-4507-AF6C-70200BE7775E}.Debug|ARM.ActiveCfg = Debug|Win32
		{AE0E6AFC-141A-4507-AF6C-70200BE7775E}.Debug|x64.ActiveCfg = Debug|x64
		{AE0E6AFC-141A-4507-AF6C-70200BE7775E}.Debug|x64.Build.0 = Debug|x64
		{AE0E6AFC-141A-4507-AF6C-70200BE7775E}.Debug|x86.ActiveCfg = Debug|Win32
		{AE0E6AFC-141A-4507-AF6C-70200BE7775E}.Debug|x86.Build.0 = Debug|Win32
		{AE0E6AFC-141A-4507-AF6C-70200BE7775E}.Release|Any CPU.ActiveCfg = Release|Win32
		{AE0E6AFC-141A-4507-AF6C-70200BE7775E}.Release|ARM.ActiveCfg = Release|Win32
		{AE0E6AFC-141A-4507-AF6C-70200BE7775E}.Release|x64.ActiveCfg = Release|x64
		{AE0E6AFC-141A-4507-AF6C-70200BE7775E}.Release|x64.Build.0 = Release|x64
		{AE0E6AFC-141A-4507-AF6C-70200BE7775E}.Release|x86.ActiveCfg = Release|Win32
		{AE0E6AFC-141A-4507-AF6C-70200BE7775E}.Release|x86.Build.0 = Release|Win32
	EndGlobalSection
	GlobalSection(SolutionProperties) = preSolution
		HideSolutionNode = FALSE
	EndGlobalSection
EndGlobal
