// !$*UTF8*$!
{
	archiveVersion = 1;
	classes = {
	};
	objectVersion = 46;
	objects = {

/* Begin PBXBuildFile section */
		511DE2D21D8A7A460036CA14 /* main.cpp in Sources */ = {isa = PBXBuildFile; fileRef = 511DE2D11D8A7A460036CA14 /* main.cpp */; };
		511DE2DE1D8A7C3E0036CA14 /* Object.cpp in Sources */ = {isa = PBXBuildFile; fileRef = 511DE2DC1D8A7C3E0036CA14 /* Object.cpp */; };
		51668CAC1DD8BFDB00B7C0DC /* Voxel.cpp in Sources */ = {isa = PBXBuildFile; fileRef = 51668CAA1DD8BFDB00B7C0DC /* Voxel.cpp */; };
		51668CAF1DD8BFF000B7C0DC /* Metadata.cpp in Sources */ = {isa = PBXBuildFile; fileRef = 51668CAD1DD8BFF000B7C0DC /* Metadata.cpp */; };
		51668CB21DD8C07200B7C0DC /* Palette.cpp in Sources */ = {isa = PBXBuildFile; fileRef = 51668CB01DD8C07200B7C0DC /* Palette.cpp */; };
		51BD82C61DE66D2600723216 /* Fav.cpp in Sources */ = {isa = PBXBuildFile; fileRef = 51BD82C51DE66D2600723216 /* Fav.cpp */; };
		51CD99011DF5755E00E22BA4 /* FavWriter.cpp in Sources */ = {isa = PBXBuildFile; fileRef = 51CD98FF1DF5755E00E22BA4 /* FavWriter.cpp */; };
		51F665C41DF14375000566D8 /* Structure.cpp in Sources */ = {isa = PBXBuildFile; fileRef = 51F665C21DF14375000566D8 /* Structure.cpp */; };
/* End PBXBuildFile section */

/* Begin PBXCopyFilesBuildPhase section */
		511DE2CC1D8A7A460036CA14 /* CopyFiles */ = {
			isa = PBXCopyFilesBuildPhase;
			buildActionMask = 2147483647;
			dstPath = /usr/share/man/man1/;
			dstSubfolderSpec = 0;
			files = (
			);
			runOnlyForDeploymentPostprocessing = 1;
		};
/* End PBXCopyFilesBuildPhase section */

/* Begin PBXFileReference section */
		511DE2CE1D8A7A460036CA14 /* FavLibrary */ = {isa = PBXFileReference; explicitFileType = "compiled.mach-o.executable"; includeInIndex = 0; path = FavLibrary; sourceTree = BUILT_PRODUCTS_DIR; };
		511DE2D11D8A7A460036CA14 /* main.cpp */ = {isa = PBXFileReference; lastKnownFileType = sourcecode.cpp.cpp; path = main.cpp; sourceTree = "<group>"; };
		511DE2D91D8A7A6A0036CA14 /* Fav.h */ = {isa = PBXFileReference; fileEncoding = 4; lastKnownFileType = sourcecode.c.h; path = Fav.h; sourceTree = "<group>"; };
		511DE2DC1D8A7C3E0036CA14 /* Object.cpp */ = {isa = PBXFileReference; fileEncoding = 4; lastKnownFileType = sourcecode.cpp.cpp; path = Object.cpp; sourceTree = "<group>"; };
		511DE2DD1D8A7C3E0036CA14 /* Object.h */ = {isa = PBXFileReference; fileEncoding = 4; lastKnownFileType = sourcecode.c.h; path = Object.h; sourceTree = "<group>"; };
		51668CAA1DD8BFDB00B7C0DC /* Voxel.cpp */ = {isa = PBXFileReference; fileEncoding = 4; lastKnownFileType = sourcecode.cpp.cpp; path = Voxel.cpp; sourceTree = "<group>"; };
		51668CAB1DD8BFDB00B7C0DC /* Voxel.h */ = {isa = PBXFileReference; fileEncoding = 4; lastKnownFileType = sourcecode.c.h; path = Voxel.h; sourceTree = "<group>"; };
		51668CAD1DD8BFF000B7C0DC /* Metadata.cpp */ = {isa = PBXFileReference; fileEncoding = 4; lastKnownFileType = sourcecode.cpp.cpp; path = Metadata.cpp; sourceTree = "<group>"; };
		51668CAE1DD8BFF000B7C0DC /* Metadata.h */ = {isa = PBXFileReference; fileEncoding = 4; lastKnownFileType = sourcecode.c.h; path = Metadata.h; sourceTree = "<group>"; };
		51668CB01DD8C07200B7C0DC /* Palette.cpp */ = {isa = PBXFileReference; fileEncoding = 4; lastKnownFileType = sourcecode.cpp.cpp; path = Palette.cpp; sourceTree = "<group>"; };
		51668CB11DD8C07200B7C0DC /* Palette.h */ = {isa = PBXFileReference; fileEncoding = 4; lastKnownFileType = sourcecode.c.h; path = Palette.h; sourceTree = "<group>"; };
		51BD82C51DE66D2600723216 /* Fav.cpp */ = {isa = PBXFileReference; fileEncoding = 4; lastKnownFileType = sourcecode.cpp.cpp; path = Fav.cpp; sourceTree = "<group>"; };
		51CD98FF1DF5755E00E22BA4 /* FavWriter.cpp */ = {isa = PBXFileReference; fileEncoding = 4; lastKnownFileType = sourcecode.cpp.cpp; path = FavWriter.cpp; sourceTree = "<group>"; };
		51CD99001DF5755E00E22BA4 /* FavWriter.h */ = {isa = PBXFileReference; fileEncoding = 4; lastKnownFileType = sourcecode.c.h; path = FavWriter.h; sourceTree = "<group>"; };
		51F665C21DF14375000566D8 /* Structure.cpp */ = {isa = PBXFileReference; fileEncoding = 4; lastKnownFileType = sourcecode.cpp.cpp; path = Structure.cpp; sourceTree = "<group>"; };
		51F665C31DF14375000566D8 /* Structure.h */ = {isa = PBXFileReference; fileEncoding = 4; lastKnownFileType = sourcecode.c.h; path = Structure.h; sourceTree = "<group>"; };
/* End PBXFileReference section */

/* Begin PBXFrameworksBuildPhase section */
		511DE2CB1D8A7A460036CA14 /* Frameworks */ = {
			isa = PBXFrameworksBuildPhase;
			buildActionMask = 2147483647;
			files = (
			);
			runOnlyForDeploymentPostprocessing = 0;
		};
/* End PBXFrameworksBuildPhase section */

/* Begin PBXGroup section */
		511DE2C51D8A7A460036CA14 = {
			isa = PBXGroup;
			children = (
				511DE2D01D8A7A460036CA14 /* FavLibrary */,
				511DE2CF1D8A7A460036CA14 /* Products */,
			);
			sourceTree = "<group>";
		};
		511DE2CF1D8A7A460036CA14 /* Products */ = {
			isa = PBXGroup;
			children = (
				511DE2CE1D8A7A460036CA14 /* FavLibrary */,
			);
			name = Products;
			sourceTree = "<group>";
		};
		511DE2D01D8A7A460036CA14 /* FavLibrary */ = {
			isa = PBXGroup;
			children = (
				511DE2D11D8A7A460036CA14 /* main.cpp */,
				51BD82C51DE66D2600723216 /* Fav.cpp */,
				511DE2D91D8A7A6A0036CA14 /* Fav.h */,
				511DE2DC1D8A7C3E0036CA14 /* Object.cpp */,
				511DE2DD1D8A7C3E0036CA14 /* Object.h */,
				51668CAA1DD8BFDB00B7C0DC /* Voxel.cpp */,
				51668CAB1DD8BFDB00B7C0DC /* Voxel.h */,
				51668CAD1DD8BFF000B7C0DC /* Metadata.cpp */,
				51668CAE1DD8BFF000B7C0DC /* Metadata.h */,
				51668CB01DD8C07200B7C0DC /* Palette.cpp */,
				51668CB11DD8C07200B7C0DC /* Palette.h */,
				51F665C21DF14375000566D8 /* Structure.cpp */,
				51F665C31DF14375000566D8 /* Structure.h */,
				51CD98FF1DF5755E00E22BA4 /* FavWriter.cpp */,
				51CD99001DF5755E00E22BA4 /* FavWriter.h */,
			);
			path = FavLibrary;
			sourceTree = "<group>";
		};
/* End PBXGroup section */

/* Begin PBXNativeTarget section */
		511DE2CD1D8A7A460036CA14 /* FavLibrary */ = {
			isa = PBXNativeTarget;
			buildConfigurationList = 511DE2D51D8A7A460036CA14 /* Build configuration list for PBXNativeTarget "FavLibrary" */;
			buildPhases = (
				511DE2CA1D8A7A460036CA14 /* Sources */,
				511DE2CB1D8A7A460036CA14 /* Frameworks */,
				511DE2CC1D8A7A460036CA14 /* CopyFiles */,
			);
			buildRules = (
			);
			dependencies = (
			);
			name = FavLibrary;
			productName = FavLibrary;
			productReference = 511DE2CE1D8A7A460036CA14 /* FavLibrary */;
			productType = "com.apple.product-type.tool";
		};
/* End PBXNativeTarget section */

/* Begin PBXProject section */
		511DE2C61D8A7A460036CA14 /* Project object */ = {
			isa = PBXProject;
			attributes = {
				LastUpgradeCheck = 0620;
				ORGANIZATIONNAME = "Atsushi Masumori";
				TargetAttributes = {
					511DE2CD1D8A7A460036CA14 = {
						CreatedOnToolsVersion = 6.2;
					};
				};
			};
			buildConfigurationList = 511DE2C91D8A7A460036CA14 /* Build configuration list for PBXProject "FavLibrary" */;
			compatibilityVersion = "Xcode 3.2";
			developmentRegion = English;
			hasScannedForEncodings = 0;
			knownRegions = (
				en,
			);
			mainGroup = 511DE2C51D8A7A460036CA14;
			productRefGroup = 511DE2CF1D8A7A460036CA14 /* Products */;
			projectDirPath = "";
			projectRoot = "";
			targets = (
				511DE2CD1D8A7A460036CA14 /* FavLibrary */,
			);
		};
/* End PBXProject section */

/* Begin PBXSourcesBuildPhase section */
		511DE2CA1D8A7A460036CA14 /* Sources */ = {
			isa = PBXSourcesBuildPhase;
			buildActionMask = 2147483647;
			files = (
				51CD99011DF5755E00E22BA4 /* FavWriter.cpp in Sources */,
				51668CB21DD8C07200B7C0DC /* Palette.cpp in Sources */,
				51668CAF1DD8BFF000B7C0DC /* Metadata.cpp in Sources */,
				511DE2D21D8A7A460036CA14 /* main.cpp in Sources */,
				511DE2DE1D8A7C3E0036CA14 /* Object.cpp in Sources */,
				51668CAC1DD8BFDB00B7C0DC /* Voxel.cpp in Sources */,
				51BD82C61DE66D2600723216 /* Fav.cpp in Sources */,
				51F665C41DF14375000566D8 /* Structure.cpp in Sources */,
			);
			runOnlyForDeploymentPostprocessing = 0;
		};
/* End PBXSourcesBuildPhase section */

/* Begin XCBuildConfiguration section */
		511DE2D31D8A7A460036CA14 /* Debug */ = {
			isa = XCBuildConfiguration;
			buildSettings = {
				ALWAYS_SEARCH_USER_PATHS = NO;
				CLANG_CXX_LANGUAGE_STANDARD = "gnu++14";
				CLANG_CXX_LIBRARY = "libc++";
				CLANG_ENABLE_MODULES = YES;
				CLANG_ENABLE_OBJC_ARC = YES;
				CLANG_WARN_BOOL_CONVERSION = YES;
				CLANG_WARN_CONSTANT_CONVERSION = YES;
				CLANG_WARN_DIRECT_OBJC_ISA_USAGE = YES_ERROR;
				CLANG_WARN_EMPTY_BODY = YES;
				CLANG_WARN_ENUM_CONVERSION = YES;
				CLANG_WARN_INT_CONVERSION = YES;
				CLANG_WARN_OBJC_ROOT_CLASS = YES_ERROR;
				CLANG_WARN_UNREACHABLE_CODE = YES;
				CLANG_WARN__DUPLICATE_METHOD_MATCH = YES;
				COPY_PHASE_STRIP = NO;
				ENABLE_STRICT_OBJC_MSGSEND = YES;
				GCC_C_LANGUAGE_STANDARD = gnu99;
				GCC_DYNAMIC_NO_PIC = NO;
				GCC_OPTIMIZATION_LEVEL = 0;
				GCC_PREPROCESSOR_DEFINITIONS = (
					"DEBUG=1",
					"$(inherited)",
				);
				GCC_SYMBOLS_PRIVATE_EXTERN = NO;
				GCC_WARN_64_TO_32_BIT_CONVERSION = YES;
				GCC_WARN_ABOUT_RETURN_TYPE = YES_ERROR;
				GCC_WARN_UNDECLARED_SELECTOR = YES;
				GCC_WARN_UNINITIALIZED_AUTOS = YES_AGGRESSIVE;
				GCC_WARN_UNUSED_FUNCTION = YES;
				GCC_WARN_UNUSED_VARIABLE = YES;
				HEADER_SEARCH_PATHS = (
					"$(inherited)",
					/Applications/Xcode.app/Contents/Developer/Toolchains/XcodeDefault.xctoolchain/usr/include,
					"/usr/local/Cellar/xerces-c/3.1.4/include/",
				);
				LIBRARY_SEARCH_PATHS = "/usr/local/Cellar/xerces-c/3.1.4/lib/";
				MACOSX_DEPLOYMENT_TARGET = 10.9;
				MTL_ENABLE_DEBUG_INFO = YES;
				ONLY_ACTIVE_ARCH = YES;
				SDKROOT = macosx;
			};
			name = Debug;
		};
		511DE2D41D8A7A460036CA14 /* Release */ = {
			isa = XCBuildConfiguration;
			buildSettings = {
				ALWAYS_SEARCH_USER_PATHS = NO;
				CLANG_CXX_LANGUAGE_STANDARD = "gnu++14";
				CLANG_CXX_LIBRARY = "libc++";
				CLANG_ENABLE_MODULES = YES;
				CLANG_ENABLE_OBJC_ARC = YES;
				CLANG_WARN_BOOL_CONVERSION = YES;
				CLANG_WARN_CONSTANT_CONVERSION = YES;
				CLANG_WARN_DIRECT_OBJC_ISA_USAGE = YES_ERROR;
				CLANG_WARN_EMPTY_BODY = YES;
				CLANG_WARN_ENUM_CONVERSION = YES;
				CLANG_WARN_INT_CONVERSION = YES;
				CLANG_WARN_OBJC_ROOT_CLASS = YES_ERROR;
				CLANG_WARN_UNREACHABLE_CODE = YES;
				CLANG_WARN__DUPLICATE_METHOD_MATCH = YES;
				COPY_PHASE_STRIP = NO;
				DEBUG_INFORMATION_FORMAT = "dwarf-with-dsym";
				ENABLE_NS_ASSERTIONS = NO;
				ENABLE_STRICT_OBJC_MSGSEND = YES;
				GCC_C_LANGUAGE_STANDARD = gnu99;
				GCC_WARN_64_TO_32_BIT_CONVERSION = YES;
				GCC_WARN_ABOUT_RETURN_TYPE = YES_ERROR;
				GCC_WARN_UNDECLARED_SELECTOR = YES;
				GCC_WARN_UNINITIALIZED_AUTOS = YES_AGGRESSIVE;
				GCC_WARN_UNUSED_FUNCTION = YES;
				GCC_WARN_UNUSED_VARIABLE = YES;
				HEADER_SEARCH_PATHS = (
					"$(inherited)",
					/Applications/Xcode.app/Contents/Developer/Toolchains/XcodeDefault.xctoolchain/usr/include,
					"/usr/local/Cellar/xerces-c/3.1.4/include/",
				);
				LIBRARY_SEARCH_PATHS = "/usr/local/Cellar/xerces-c/3.1.4/lib/";
				MACOSX_DEPLOYMENT_TARGET = 10.9;
				MTL_ENABLE_DEBUG_INFO = NO;
				SDKROOT = macosx;
			};
			name = Release;
		};
		511DE2D61D8A7A460036CA14 /* Debug */ = {
			isa = XCBuildConfiguration;
			buildSettings = {
				HEADER_SEARCH_PATHS = (
					"$(inherited)",
					/Applications/Xcode.app/Contents/Developer/Toolchains/XcodeDefault.xctoolchain/usr/include,
					"/usr/local/Cellar/xerces-c/3.1.4/include/",
				);
				LIBRARY_SEARCH_PATHS = "/usr/local/Cellar/xerces-c/3.1.4/lib/";
				OTHER_LDFLAGS = "-lxerces-c";
				PRODUCT_NAME = "$(TARGET_NAME)";
			};
			name = Debug;
		};
		511DE2D71D8A7A460036CA14 /* Release */ = {
			isa = XCBuildConfiguration;
			buildSettings = {
				HEADER_SEARCH_PATHS = (
					"$(inherited)",
					/Applications/Xcode.app/Contents/Developer/Toolchains/XcodeDefault.xctoolchain/usr/include,
					"/usr/local/Cellar/xerces-c/3.1.4/include/",
				);
				LIBRARY_SEARCH_PATHS = "/usr/local/Cellar/xerces-c/3.1.4/lib/";
				OTHER_LDFLAGS = "-lxerces-c";
				PRODUCT_NAME = "$(TARGET_NAME)";
			};
			name = Release;
		};
/* End XCBuildConfiguration section */

/* Begin XCConfigurationList section */
		511DE2C91D8A7A460036CA14 /* Build configuration list for PBXProject "FavLibrary" */ = {
			isa = XCConfigurationList;
			buildConfigurations = (
				511DE2D31D8A7A460036CA14 /* Debug */,
				511DE2D41D8A7A460036CA14 /* Release */,
			);
			defaultConfigurationIsVisible = 0;
			defaultConfigurationName = Release;
		};
		511DE2D51D8A7A460036CA14 /* Build configuration list for PBXNativeTarget "FavLibrary" */ = {
			isa = XCConfigurationList;
			buildConfigurations = (
				511DE2D61D8A7A460036CA14 /* Debug */,
				511DE2D71D8A7A460036CA14 /* Release */,
			);
			defaultConfigurationIsVisible = 0;
			defaultConfigurationName = Release;
		};
/* End XCConfigurationList section */
	};
	rootObject = 511DE2C61D8A7A460036CA14 /* Project object */;
}
